
Microsoft Visual Studio Solution File, Format Version 12.00
# Visual Studio Version 17
VisualStudioVersion = 17.8.34309.116
MinimumVisualStudioVersion = 10.0.40219.1
Project("{2150E333-8FDC-42A3-9474-1A3956D46DE8}") = "Backend", "Backend", "{4D0911C7-AB17-44C3-81A4-940ABF8325F5}"
EndProject
Project("{9A19103F-16F7-4668-BE54-9A1E7A4F7556}") = "ApiMicrosservicesProduct", "ApiMicrosservicesProduct\ApiMicrosservicesProduct.csproj", "{2CB2CF41-CAC2-4A42-B7F3-0329ABC8A5ED}"
EndProject
Project("{9A19103F-16F7-4668-BE54-9A1E7A4F7556}") = "TestProjects", "TestProjects\TestProjects.csproj", "{F1D574BB-D5A7-4185-8D5A-980F0733EF13}"
EndProject
Project("{2150E333-8FDC-42A3-9474-1A3956D46DE8}") = "Frontend", "Frontend", "{151AE6BC-357A-466F-94FB-805D9DB101F6}"
EndProject
Project("{9A19103F-16F7-4668-BE54-9A1E7A4F7556}") = "ApiMicrosservicesWeb", "ApiMicrosservicesWeb\ApiMicrosservicesWeb.csproj", "{E531C2A1-646E-4078-8681-4C0539BB36B4}"
EndProject
Project("{FAE04EC0-301F-11D3-BF4B-00C04F79EFBC}") = "ApiMicrosservicesIdentityServer", "ApiMicrosservicesIdentityServer\ApiMicrosservicesIdentityServer.csproj", "{619AFF80-A56A-4C90-939D-67A26FE4D5C2}"
EndProject
Global
	GlobalSection(SolutionConfigurationPlatforms) = preSolution
		Debug|Any CPU = Debug|Any CPU
		Release|Any CPU = Release|Any CPU
	EndGlobalSection
	GlobalSection(ProjectConfigurationPlatforms) = postSolution
		{2CB2CF41-CAC2-4A42-B7F3-0329ABC8A5ED}.Debug|Any CPU.ActiveCfg = Debug|Any CPU
		{2CB2CF41-CAC2-4A42-B7F3-0329ABC8A5ED}.Debug|Any CPU.Build.0 = Debug|Any CPU
		{2CB2CF41-CAC2-4A42-B7F3-0329ABC8A5ED}.Release|Any CPU.ActiveCfg = Release|Any CPU
		{2CB2CF41-CAC2-4A42-B7F3-0329ABC8A5ED}.Release|Any CPU.Build.0 = Release|Any CPU
		{F1D574BB-D5A7-4185-8D5A-980F0733EF13}.Debug|Any CPU.ActiveCfg = Debug|Any CPU
		{F1D574BB-D5A7-4185-8D5A-980F0733EF13}.Debug|Any CPU.Build.0 = Debug|Any CPU
		{F1D574BB-D5A7-4185-8D5A-980F0733EF13}.Release|Any CPU.ActiveCfg = Release|Any CPU
		{F1D574BB-D5A7-4185-8D5A-980F0733EF13}.Release|Any CPU.Build.0 = Release|Any CPU
		{E531C2A1-646E-4078-8681-4C0539BB36B4}.Debug|Any CPU.ActiveCfg = Debug|Any CPU
		{E531C2A1-646E-4078-8681-4C0539BB36B4}.Debug|Any CPU.Build.0 = Debug|Any CPU
		{E531C2A1-646E-4078-8681-4C0539BB36B4}.Release|Any CPU.ActiveCfg = Release|Any CPU
		{E531C2A1-646E-4078-8681-4C0539BB36B4}.Release|Any CPU.Build.0 = Release|Any CPU
		{619AFF80-A56A-4C90-939D-67A26FE4D5C2}.Debug|Any CPU.ActiveCfg = Debug|Any CPU
		{619AFF80-A56A-4C90-939D-67A26FE4D5C2}.Debug|Any CPU.Build.0 = Debug|Any CPU
		{619AFF80-A56A-4C90-939D-67A26FE4D5C2}.Release|Any CPU.ActiveCfg = Release|Any CPU
		{619AFF80-A56A-4C90-939D-67A26FE4D5C2}.Release|Any CPU.Build.0 = Release|Any CPU
	EndGlobalSection
	GlobalSection(SolutionProperties) = preSolution
		HideSolutionNode = FALSE
	EndGlobalSection
	GlobalSection(NestedProjects) = preSolution
		{2CB2CF41-CAC2-4A42-B7F3-0329ABC8A5ED} = {4D0911C7-AB17-44C3-81A4-940ABF8325F5}
		{F1D574BB-D5A7-4185-8D5A-980F0733EF13} = {4D0911C7-AB17-44C3-81A4-940ABF8325F5}
		{E531C2A1-646E-4078-8681-4C0539BB36B4} = {151AE6BC-357A-466F-94FB-805D9DB101F6}
		{619AFF80-A56A-4C90-939D-67A26FE4D5C2} = {4D0911C7-AB17-44C3-81A4-940ABF8325F5}
	EndGlobalSection
	GlobalSection(ExtensibilityGlobals) = postSolution
		SolutionGuid = {E2AFF0B0-29F7-4AA2-9824-0DD13017BF4E}
	EndGlobalSection
EndGlobal
